
Microsoft Visual Studio Solution File, Format Version 12.00
# Visual Studio 15
VisualStudioVersion = 15.0.26124.0
MinimumVisualStudioVersion = 15.0.26124.0
Project("{FAE04EC0-301F-11D3-BF4B-00C04F79EFBC}") = "Collections", "src\Collections.csproj", "{377F5373-1136-471E-86EB-61B1F25EA305}"
EndProject
Project("{2150E333-8FDC-42A3-9474-1A3956D46DE8}") = "test", "test", "{DB9876C6-7EF9-47D4-AC5E-8C44FD43BBAC}"
EndProject
Project("{FAE04EC0-301F-11D3-BF4B-00C04F79EFBC}") = "Collections.Test", "test\Collections.Test\Collections.Test.csproj", "{6C25E14B-23A4-44B3-B0B7-8295D5387076}"
EndProject
Global
	GlobalSection(SolutionConfigurationPlatforms) = preSolution
		Debug|Any CPU = Debug|Any CPU
		Debug|x64 = Debug|x64
		Debug|x86 = Debug|x86
		Release|Any CPU = Release|Any CPU
		Release|x64 = Release|x64
		Release|x86 = Release|x86
	EndGlobalSection
	GlobalSection(SolutionProperties) = preSolution
		HideSolutionNode = FALSE
	EndGlobalSection
	GlobalSection(ProjectConfigurationPlatforms) = postSolution
		{377F5373-1136-471E-86EB-61B1F25EA305}.Debug|Any CPU.ActiveCfg = Debug|Any CPU
		{377F5373-1136-471E-86EB-61B1F25EA305}.Debug|Any CPU.Build.0 = Debug|Any CPU
		{377F5373-1136-471E-86EB-61B1F25EA305}.Debug|x64.ActiveCfg = Debug|Any CPU
		{377F5373-1136-471E-86EB-61B1F25EA305}.Debug|x64.Build.0 = Debug|Any CPU
		{377F5373-1136-471E-86EB-61B1F25EA305}.Debug|x86.ActiveCfg = Debug|Any CPU
		{377F5373-1136-471E-86EB-61B1F25EA305}.Debug|x86.Build.0 = Debug|Any CPU
		{377F5373-1136-471E-86EB-61B1F25EA305}.Release|Any CPU.ActiveCfg = Release|Any CPU
		{377F5373-1136-471E-86EB-61B1F25EA305}.Release|Any CPU.Build.0 = Release|Any CPU
		{377F5373-1136-471E-86EB-61B1F25EA305}.Release|x64.ActiveCfg = Release|Any CPU
		{377F5373-1136-471E-86EB-61B1F25EA305}.Release|x64.Build.0 = Release|Any CPU
		{377F5373-1136-471E-86EB-61B1F25EA305}.Release|x86.ActiveCfg = Release|Any CPU
		{377F5373-1136-471E-86EB-61B1F25EA305}.Release|x86.Build.0 = Release|Any CPU
		{6C25E14B-23A4-44B3-B0B7-8295D5387076}.Debug|Any CPU.ActiveCfg = Debug|Any CPU
		{6C25E14B-23A4-44B3-B0B7-8295D5387076}.Debug|Any CPU.Build.0 = Debug|Any CPU
		{6C25E14B-23A4-44B3-B0B7-8295D5387076}.Debug|x64.ActiveCfg = Debug|Any CPU
		{6C25E14B-23A4-44B3-B0B7-8295D5387076}.Debug|x64.Build.0 = Debug|Any CPU
		{6C25E14B-23A4-44B3-B0B7-8295D5387076}.Debug|x86.ActiveCfg = Debug|Any CPU
		{6C25E14B-23A4-44B3-B0B7-8295D5387076}.Debug|x86.Build.0 = Debug|Any CPU
		{6C25E14B-23A4-44B3-B0B7-8295D5387076}.Release|Any CPU.ActiveCfg = Release|Any CPU
		{6C25E14B-23A4-44B3-B0B7-8295D5387076}.Release|Any CPU.Build.0 = Release|Any CPU
		{6C25E14B-23A4-44B3-B0B7-8295D5387076}.Release|x64.ActiveCfg = Release|Any CPU
		{6C25E14B-23A4-44B3-B0B7-8295D5387076}.Release|x64.Build.0 = Release|Any CPU
		{6C25E14B-23A4-44B3-B0B7-8295D5387076}.Release|x86.ActiveCfg = Release|Any CPU
		{6C25E14B-23A4-44B3-B0B7-8295D5387076}.Release|x86.Build.0 = Release|Any CPU
	EndGlobalSection
	GlobalSection(NestedProjects) = preSolution
		{6C25E14B-23A4-44B3-B0B7-8295D5387076} = {DB9876C6-7EF9-47D4-AC5E-8C44FD43BBAC}
	EndGlobalSection
EndGlobal
